
Microsoft Visual Studio Solution File, Format Version 12.00
# Visual Studio Version 16
VisualStudioVersion = 16.0.29613.14
MinimumVisualStudioVersion = 10.0.40219.1
Project("{FAE04EC0-301F-11D3-BF4B-00C04F79EFBC}") = "DemoPartial", "DemoPartial.csproj", "{4DE0EDFB-FB83-459A-BADE-AF2176F95369}"
EndProject
Global
	GlobalSection(SolutionConfigurationPlatforms) = preSolution
		Debug|Any CPU = Debug|Any CPU
		Release|Any CPU = Release|Any CPU
	EndGlobalSection
	GlobalSection(ProjectConfigurationPlatforms) = postSolution
		{4DE0EDFB-FB83-459A-BADE-AF2176F95369}.Debug|Any CPU.ActiveCfg = Debug|Any CPU
		{4DE0EDFB-FB83-459A-BADE-AF2176F95369}.Debug|Any CPU.Build.0 = Debug|Any CPU
		{4DE0EDFB-FB83-459A-BADE-AF2176F95369}.Release|Any CPU.ActiveCfg = Release|Any CPU
		{4DE0EDFB-FB83-459A-BADE-AF2176F95369}.Release|Any CPU.Build.0 = Release|Any CPU
	EndGlobalSection
	GlobalSection(SolutionProperties) = preSolution
		HideSolutionNode = FALSE
	EndGlobalSection
	GlobalSection(ExtensibilityGlobals) = postSolution
		SolutionGuid = {0C867103-EE97-4F45-B297-4C6FB368803E}
	EndGlobalSection
EndGlobal
