
Microsoft Visual Studio Solution File, Format Version 12.00
# Visual Studio Version 16
VisualStudioVersion = 16.0.29613.14
MinimumVisualStudioVersion = 10.0.40219.1
Project("{FAE04EC0-301F-11D3-BF4B-00C04F79EFBC}") = "DemoParam", "DemoParam.csproj", "{A10C7F9D-3CAC-4E54-8FED-D599403FA163}"
EndProject
Global
	GlobalSection(SolutionConfigurationPlatforms) = preSolution
		Debug|Any CPU = Debug|Any CPU
		Release|Any CPU = Release|Any CPU
	EndGlobalSection
	GlobalSection(ProjectConfigurationPlatforms) = postSolution
		{A10C7F9D-3CAC-4E54-8FED-D599403FA163}.Debug|Any CPU.ActiveCfg = Debug|Any CPU
		{A10C7F9D-3CAC-4E54-8FED-D599403FA163}.Debug|Any CPU.Build.0 = Debug|Any CPU
		{A10C7F9D-3CAC-4E54-8FED-D599403FA163}.Release|Any CPU.ActiveCfg = Release|Any CPU
		{A10C7F9D-3CAC-4E54-8FED-D599403FA163}.Release|Any CPU.Build.0 = Release|Any CPU
	EndGlobalSection
	GlobalSection(SolutionProperties) = preSolution
		HideSolutionNode = FALSE
	EndGlobalSection
	GlobalSection(ExtensibilityGlobals) = postSolution
		SolutionGuid = {56D53E73-BEE2-43F4-A2FF-FB4DCE251E01}
	EndGlobalSection
EndGlobal
