
Microsoft Visual Studio Solution File, Format Version 12.00
# Visual Studio Version 16
VisualStudioVersion = 16.0.29613.14
MinimumVisualStudioVersion = 10.0.40219.1
Project("{FAE04EC0-301F-11D3-BF4B-00C04F79EFBC}") = "HandsOnArrays", "HandsOnArrays.csproj", "{AC8BEFCD-7B0B-4510-B595-F64A4A5B3925}"
EndProject
Global
	GlobalSection(SolutionConfigurationPlatforms) = preSolution
		Debug|Any CPU = Debug|Any CPU
		Release|Any CPU = Release|Any CPU
	EndGlobalSection
	GlobalSection(ProjectConfigurationPlatforms) = postSolution
		{AC8BEFCD-7B0B-4510-B595-F64A4A5B3925}.Debug|Any CPU.ActiveCfg = Debug|Any CPU
		{AC8BEFCD-7B0B-4510-B595-F64A4A5B3925}.Debug|Any CPU.Build.0 = Debug|Any CPU
		{AC8BEFCD-7B0B-4510-B595-F64A4A5B3925}.Release|Any CPU.ActiveCfg = Release|Any CPU
		{AC8BEFCD-7B0B-4510-B595-F64A4A5B3925}.Release|Any CPU.Build.0 = Release|Any CPU
	EndGlobalSection
	GlobalSection(SolutionProperties) = preSolution
		HideSolutionNode = FALSE
	EndGlobalSection
	GlobalSection(ExtensibilityGlobals) = postSolution
		SolutionGuid = {650E4E45-8A5C-4DCC-9F31-FE9794BE893B}
	EndGlobalSection
EndGlobal
