
Microsoft Visual Studio Solution File, Format Version 12.00
# Visual Studio Version 16
VisualStudioVersion = 16.0.29613.14
MinimumVisualStudioVersion = 10.0.40219.1
Project("{FAE04EC0-301F-11D3-BF4B-00C04F79EFBC}") = "StudentInterface", "StudentInterface.csproj", "{50919BEA-5AA2-45C9-84D9-37EA28100D74}"
EndProject
Global
	GlobalSection(SolutionConfigurationPlatforms) = preSolution
		Debug|Any CPU = Debug|Any CPU
		Release|Any CPU = Release|Any CPU
	EndGlobalSection
	GlobalSection(ProjectConfigurationPlatforms) = postSolution
		{50919BEA-5AA2-45C9-84D9-37EA28100D74}.Debug|Any CPU.ActiveCfg = Debug|Any CPU
		{50919BEA-5AA2-45C9-84D9-37EA28100D74}.Debug|Any CPU.Build.0 = Debug|Any CPU
		{50919BEA-5AA2-45C9-84D9-37EA28100D74}.Release|Any CPU.ActiveCfg = Release|Any CPU
		{50919BEA-5AA2-45C9-84D9-37EA28100D74}.Release|Any CPU.Build.0 = Release|Any CPU
	EndGlobalSection
	GlobalSection(SolutionProperties) = preSolution
		HideSolutionNode = FALSE
	EndGlobalSection
	GlobalSection(ExtensibilityGlobals) = postSolution
		SolutionGuid = {C5BE13DE-ABAA-4956-8093-9A489FD4E3BE}
	EndGlobalSection
EndGlobal
