
Microsoft Visual Studio Solution File, Format Version 12.00
# Visual Studio Version 16
VisualStudioVersion = 16.0.29613.14
MinimumVisualStudioVersion = 10.0.40219.1
Project("{FAE04EC0-301F-11D3-BF4B-00C04F79EFBC}") = "ByteOperations", "ByteOperations.csproj", "{BE338052-DC2C-42F5-8EF6-1E28B766417A}"
EndProject
Global
	GlobalSection(SolutionConfigurationPlatforms) = preSolution
		Debug|Any CPU = Debug|Any CPU
		Release|Any CPU = Release|Any CPU
	EndGlobalSection
	GlobalSection(ProjectConfigurationPlatforms) = postSolution
		{BE338052-DC2C-42F5-8EF6-1E28B766417A}.Debug|Any CPU.ActiveCfg = Debug|Any CPU
		{BE338052-DC2C-42F5-8EF6-1E28B766417A}.Debug|Any CPU.Build.0 = Debug|Any CPU
		{BE338052-DC2C-42F5-8EF6-1E28B766417A}.Release|Any CPU.ActiveCfg = Release|Any CPU
		{BE338052-DC2C-42F5-8EF6-1E28B766417A}.Release|Any CPU.Build.0 = Release|Any CPU
	EndGlobalSection
	GlobalSection(SolutionProperties) = preSolution
		HideSolutionNode = FALSE
	EndGlobalSection
	GlobalSection(ExtensibilityGlobals) = postSolution
		SolutionGuid = {E7DA2060-8C06-4026-982B-DEB95670FA07}
	EndGlobalSection
EndGlobal
