
Microsoft Visual Studio Solution File, Format Version 12.00
# Visual Studio Version 16
VisualStudioVersion = 16.0.29613.14
MinimumVisualStudioVersion = 10.0.40219.1
Project("{FAE04EC0-301F-11D3-BF4B-00C04F79EFBC}") = "DemoException", "DemoException.csproj", "{E46C888C-79F1-40B9-B1BA-633015DCAA53}"
EndProject
Global
	GlobalSection(SolutionConfigurationPlatforms) = preSolution
		Debug|Any CPU = Debug|Any CPU
		Release|Any CPU = Release|Any CPU
	EndGlobalSection
	GlobalSection(ProjectConfigurationPlatforms) = postSolution
		{E46C888C-79F1-40B9-B1BA-633015DCAA53}.Debug|Any CPU.ActiveCfg = Debug|Any CPU
		{E46C888C-79F1-40B9-B1BA-633015DCAA53}.Debug|Any CPU.Build.0 = Debug|Any CPU
		{E46C888C-79F1-40B9-B1BA-633015DCAA53}.Release|Any CPU.ActiveCfg = Release|Any CPU
		{E46C888C-79F1-40B9-B1BA-633015DCAA53}.Release|Any CPU.Build.0 = Release|Any CPU
	EndGlobalSection
	GlobalSection(SolutionProperties) = preSolution
		HideSolutionNode = FALSE
	EndGlobalSection
	GlobalSection(ExtensibilityGlobals) = postSolution
		SolutionGuid = {02F2969B-816C-40BF-BBCC-38E6903EA12C}
	EndGlobalSection
EndGlobal
