
Microsoft Visual Studio Solution File, Format Version 12.00
# Visual Studio Version 16
VisualStudioVersion = 16.0.29613.14
MinimumVisualStudioVersion = 10.0.40219.1
Project("{FAE04EC0-301F-11D3-BF4B-00C04F79EFBC}") = "DemoPolymorphism", "DemoPolymorphism.csproj", "{ED195493-1C89-4318-A311-E9F3F347C4E2}"
EndProject
Global
	GlobalSection(SolutionConfigurationPlatforms) = preSolution
		Debug|Any CPU = Debug|Any CPU
		Release|Any CPU = Release|Any CPU
	EndGlobalSection
	GlobalSection(ProjectConfigurationPlatforms) = postSolution
		{ED195493-1C89-4318-A311-E9F3F347C4E2}.Debug|Any CPU.ActiveCfg = Debug|Any CPU
		{ED195493-1C89-4318-A311-E9F3F347C4E2}.Debug|Any CPU.Build.0 = Debug|Any CPU
		{ED195493-1C89-4318-A311-E9F3F347C4E2}.Release|Any CPU.ActiveCfg = Release|Any CPU
		{ED195493-1C89-4318-A311-E9F3F347C4E2}.Release|Any CPU.Build.0 = Release|Any CPU
	EndGlobalSection
	GlobalSection(SolutionProperties) = preSolution
		HideSolutionNode = FALSE
	EndGlobalSection
	GlobalSection(ExtensibilityGlobals) = postSolution
		SolutionGuid = {91E9A4D5-1BF2-4591-A25B-726865225F58}
	EndGlobalSection
EndGlobal
