
Microsoft Visual Studio Solution File, Format Version 12.00
# Visual Studio Version 16
VisualStudioVersion = 16.0.29613.14
MinimumVisualStudioVersion = 10.0.40219.1
Project("{FAE04EC0-301F-11D3-BF4B-00C04F79EFBC}") = "ObjectCollection", "ObjectCollection.csproj", "{F8D4A35B-4192-4A93-8F7B-6C1F3A631804}"
EndProject
Global
	GlobalSection(SolutionConfigurationPlatforms) = preSolution
		Debug|Any CPU = Debug|Any CPU
		Release|Any CPU = Release|Any CPU
	EndGlobalSection
	GlobalSection(ProjectConfigurationPlatforms) = postSolution
		{F8D4A35B-4192-4A93-8F7B-6C1F3A631804}.Debug|Any CPU.ActiveCfg = Debug|Any CPU
		{F8D4A35B-4192-4A93-8F7B-6C1F3A631804}.Debug|Any CPU.Build.0 = Debug|Any CPU
		{F8D4A35B-4192-4A93-8F7B-6C1F3A631804}.Release|Any CPU.ActiveCfg = Release|Any CPU
		{F8D4A35B-4192-4A93-8F7B-6C1F3A631804}.Release|Any CPU.Build.0 = Release|Any CPU
	EndGlobalSection
	GlobalSection(SolutionProperties) = preSolution
		HideSolutionNode = FALSE
	EndGlobalSection
	GlobalSection(ExtensibilityGlobals) = postSolution
		SolutionGuid = {86A7DA28-F4E6-48A9-8F65-9FF96AA2D1DD}
	EndGlobalSection
EndGlobal
